
Microsoft Visual Studio Solution File, Format Version 12.00
# Visual Studio Version 17
VisualStudioVersion = 17.3.32825.248
MinimumVisualStudioVersion = 10.0.40219.1
Project("{9A19103F-16F7-4668-BE54-9A1E7A4F7556}") = "Day1_1", "Day1_1\Day1_1.csproj", "{B1C0B3E1-AAB0-488E-A9B7-9B53472CA3B7}"
EndProject
Project("{9A19103F-16F7-4668-BE54-9A1E7A4F7556}") = "Day2_1", "Day2_1\Day2_1.csproj", "{1E134FA8-436D-4297-A5D4-AF501DF78EEE}"
EndProject
Project("{9A19103F-16F7-4668-BE54-9A1E7A4F7556}") = "Day2_2", "Day2_2\Day2_2.csproj", "{1AABF8C7-F9A6-438C-8992-2BD7B7FE7DE9}"
EndProject
Project("{9A19103F-16F7-4668-BE54-9A1E7A4F7556}") = "Day3_1", "Day3_1\Day3_1.csproj", "{378ACD38-66F6-4C54-B176-C02B3B2212D3}"
EndProject
Project("{9A19103F-16F7-4668-BE54-9A1E7A4F7556}") = "Day3_2", "Day3_2\Day3_2.csproj", "{9A523743-41A9-4889-B154-20D578D26EEE}"
EndProject
Project("{9A19103F-16F7-4668-BE54-9A1E7A4F7556}") = "Day4_1", "Day4_1\Day4_1.csproj", "{758D76B5-419E-47A0-9850-9401FEFF1BC6}"
EndProject
Project("{9A19103F-16F7-4668-BE54-9A1E7A4F7556}") = "Day4_2", "Day4_2\Day4_2.csproj", "{84AFE29A-EB17-4DBA-BB18-334AF9BDA8E4}"
EndProject
Project("{9A19103F-16F7-4668-BE54-9A1E7A4F7556}") = "Day5_1", "Day5_1\Day5_1.csproj", "{BAA6F792-3D0C-41E6-86E1-420D38E83573}"
EndProject
Project("{9A19103F-16F7-4668-BE54-9A1E7A4F7556}") = "Day5_2", "Day5_2\Day5_2.csproj", "{E5DDC9E1-4A1F-444B-87B1-313A35BE5AD6}"
EndProject
Project("{9A19103F-16F7-4668-BE54-9A1E7A4F7556}") = "Day6_1", "Day6_1\Day6_1.csproj", "{F2F08ACD-549E-45E4-BF7F-9B5A85781E7C}"
EndProject
Project("{9A19103F-16F7-4668-BE54-9A1E7A4F7556}") = "Day6_2", "Day6_2\Day6_2.csproj", "{82E28A64-F7A0-4919-8AA1-B1CF7DDCD4DD}"
EndProject
Project("{9A19103F-16F7-4668-BE54-9A1E7A4F7556}") = "Day1_2", "Day1_2\Day1_2.csproj", "{F7C3D9E9-18CE-427C-8180-AE439F05E9AE}"
EndProject
Project("{9A19103F-16F7-4668-BE54-9A1E7A4F7556}") = "Day7_1", "Day7_1\Day7_1.csproj", "{618CC775-37B5-4C0B-BA43-4698003932AA}"
EndProject
Project("{9A19103F-16F7-4668-BE54-9A1E7A4F7556}") = "Day8_1", "Day8_1\Day8_1.csproj", "{32800395-37F7-4874-9282-CB77634A0DEB}"
EndProject
Project("{9A19103F-16F7-4668-BE54-9A1E7A4F7556}") = "Day8_2", "Day8_2\Day8_2.csproj", "{81A74221-5C4A-4678-A46B-89D6EE4B6E6F}"
EndProject
Project("{9A19103F-16F7-4668-BE54-9A1E7A4F7556}") = "Day9_1", "Day9_1\Day9_1.csproj", "{F929279F-A5B8-47BC-8576-362E10DFBA8A}"
EndProject
Project("{9A19103F-16F7-4668-BE54-9A1E7A4F7556}") = "Day9_2", "Day9_2\Day9_2.csproj", "{F900EC94-B1FE-4A84-A3CB-FDD38FD2FFF0}"
EndProject
Project("{9A19103F-16F7-4668-BE54-9A1E7A4F7556}") = "Day10_1", "Day10_1\Day10_1.csproj", "{9E7CD9C7-7970-4CCF-867A-C6B9420EB146}"
EndProject
Project("{9A19103F-16F7-4668-BE54-9A1E7A4F7556}") = "Day10_2", "Day10_2\Day10_2.csproj", "{12729C2F-06CD-4F69-8A87-23B228817A25}"
EndProject
Global
	GlobalSection(SolutionConfigurationPlatforms) = preSolution
		Debug|Any CPU = Debug|Any CPU
		Release|Any CPU = Release|Any CPU
	EndGlobalSection
	GlobalSection(ProjectConfigurationPlatforms) = postSolution
		{B1C0B3E1-AAB0-488E-A9B7-9B53472CA3B7}.Debug|Any CPU.ActiveCfg = Debug|Any CPU
		{B1C0B3E1-AAB0-488E-A9B7-9B53472CA3B7}.Debug|Any CPU.Build.0 = Debug|Any CPU
		{B1C0B3E1-AAB0-488E-A9B7-9B53472CA3B7}.Release|Any CPU.ActiveCfg = Release|Any CPU
		{B1C0B3E1-AAB0-488E-A9B7-9B53472CA3B7}.Release|Any CPU.Build.0 = Release|Any CPU
		{1E134FA8-436D-4297-A5D4-AF501DF78EEE}.Debug|Any CPU.ActiveCfg = Debug|Any CPU
		{1E134FA8-436D-4297-A5D4-AF501DF78EEE}.Debug|Any CPU.Build.0 = Debug|Any CPU
		{1E134FA8-436D-4297-A5D4-AF501DF78EEE}.Release|Any CPU.ActiveCfg = Release|Any CPU
		{1E134FA8-436D-4297-A5D4-AF501DF78EEE}.Release|Any CPU.Build.0 = Release|Any CPU
		{1AABF8C7-F9A6-438C-8992-2BD7B7FE7DE9}.Debug|Any CPU.ActiveCfg = Debug|Any CPU
		{1AABF8C7-F9A6-438C-8992-2BD7B7FE7DE9}.Debug|Any CPU.Build.0 = Debug|Any CPU
		{1AABF8C7-F9A6-438C-8992-2BD7B7FE7DE9}.Release|Any CPU.ActiveCfg = Release|Any CPU
		{1AABF8C7-F9A6-438C-8992-2BD7B7FE7DE9}.Release|Any CPU.Build.0 = Release|Any CPU
		{378ACD38-66F6-4C54-B176-C02B3B2212D3}.Debug|Any CPU.ActiveCfg = Debug|Any CPU
		{378ACD38-66F6-4C54-B176-C02B3B2212D3}.Debug|Any CPU.Build.0 = Debug|Any CPU
		{378ACD38-66F6-4C54-B176-C02B3B2212D3}.Release|Any CPU.ActiveCfg = Release|Any CPU
		{378ACD38-66F6-4C54-B176-C02B3B2212D3}.Release|Any CPU.Build.0 = Release|Any CPU
		{9A523743-41A9-4889-B154-20D578D26EEE}.Debug|Any CPU.ActiveCfg = Debug|Any CPU
		{9A523743-41A9-4889-B154-20D578D26EEE}.Debug|Any CPU.Build.0 = Debug|Any CPU
		{9A523743-41A9-4889-B154-20D578D26EEE}.Release|Any CPU.ActiveCfg = Release|Any CPU
		{9A523743-41A9-4889-B154-20D578D26EEE}.Release|Any CPU.Build.0 = Release|Any CPU
		{758D76B5-419E-47A0-9850-9401FEFF1BC6}.Debug|Any CPU.ActiveCfg = Debug|Any CPU
		{758D76B5-419E-47A0-9850-9401FEFF1BC6}.Debug|Any CPU.Build.0 = Debug|Any CPU
		{758D76B5-419E-47A0-9850-9401FEFF1BC6}.Release|Any CPU.ActiveCfg = Release|Any CPU
		{758D76B5-419E-47A0-9850-9401FEFF1BC6}.Release|Any CPU.Build.0 = Release|Any CPU
		{84AFE29A-EB17-4DBA-BB18-334AF9BDA8E4}.Debug|Any CPU.ActiveCfg = Debug|Any CPU
		{84AFE29A-EB17-4DBA-BB18-334AF9BDA8E4}.Debug|Any CPU.Build.0 = Debug|Any CPU
		{84AFE29A-EB17-4DBA-BB18-334AF9BDA8E4}.Release|Any CPU.ActiveCfg = Release|Any CPU
		{84AFE29A-EB17-4DBA-BB18-334AF9BDA8E4}.Release|Any CPU.Build.0 = Release|Any CPU
		{BAA6F792-3D0C-41E6-86E1-420D38E83573}.Debug|Any CPU.ActiveCfg = Debug|Any CPU
		{BAA6F792-3D0C-41E6-86E1-420D38E83573}.Debug|Any CPU.Build.0 = Debug|Any CPU
		{BAA6F792-3D0C-41E6-86E1-420D38E83573}.Release|Any CPU.ActiveCfg = Release|Any CPU
		{BAA6F792-3D0C-41E6-86E1-420D38E83573}.Release|Any CPU.Build.0 = Release|Any CPU
		{E5DDC9E1-4A1F-444B-87B1-313A35BE5AD6}.Debug|Any CPU.ActiveCfg = Debug|Any CPU
		{E5DDC9E1-4A1F-444B-87B1-313A35BE5AD6}.Debug|Any CPU.Build.0 = Debug|Any CPU
		{E5DDC9E1-4A1F-444B-87B1-313A35BE5AD6}.Release|Any CPU.ActiveCfg = Release|Any CPU
		{E5DDC9E1-4A1F-444B-87B1-313A35BE5AD6}.Release|Any CPU.Build.0 = Release|Any CPU
		{F2F08ACD-549E-45E4-BF7F-9B5A85781E7C}.Debug|Any CPU.ActiveCfg = Debug|Any CPU
		{F2F08ACD-549E-45E4-BF7F-9B5A85781E7C}.Debug|Any CPU.Build.0 = Debug|Any CPU
		{F2F08ACD-549E-45E4-BF7F-9B5A85781E7C}.Release|Any CPU.ActiveCfg = Release|Any CPU
		{F2F08ACD-549E-45E4-BF7F-9B5A85781E7C}.Release|Any CPU.Build.0 = Release|Any CPU
		{82E28A64-F7A0-4919-8AA1-B1CF7DDCD4DD}.Debug|Any CPU.ActiveCfg = Debug|Any CPU
		{82E28A64-F7A0-4919-8AA1-B1CF7DDCD4DD}.Debug|Any CPU.Build.0 = Debug|Any CPU
		{82E28A64-F7A0-4919-8AA1-B1CF7DDCD4DD}.Release|Any CPU.ActiveCfg = Release|Any CPU
		{82E28A64-F7A0-4919-8AA1-B1CF7DDCD4DD}.Release|Any CPU.Build.0 = Release|Any CPU
		{F7C3D9E9-18CE-427C-8180-AE439F05E9AE}.Debug|Any CPU.ActiveCfg = Debug|Any CPU
		{F7C3D9E9-18CE-427C-8180-AE439F05E9AE}.Debug|Any CPU.Build.0 = Debug|Any CPU
		{F7C3D9E9-18CE-427C-8180-AE439F05E9AE}.Release|Any CPU.ActiveCfg = Release|Any CPU
		{F7C3D9E9-18CE-427C-8180-AE439F05E9AE}.Release|Any CPU.Build.0 = Release|Any CPU
		{618CC775-37B5-4C0B-BA43-4698003932AA}.Debug|Any CPU.ActiveCfg = Debug|Any CPU
		{618CC775-37B5-4C0B-BA43-4698003932AA}.Debug|Any CPU.Build.0 = Debug|Any CPU
		{618CC775-37B5-4C0B-BA43-4698003932AA}.Release|Any CPU.ActiveCfg = Release|Any CPU
		{618CC775-37B5-4C0B-BA43-4698003932AA}.Release|Any CPU.Build.0 = Release|Any CPU
		{32800395-37F7-4874-9282-CB77634A0DEB}.Debug|Any CPU.ActiveCfg = Debug|Any CPU
		{32800395-37F7-4874-9282-CB77634A0DEB}.Debug|Any CPU.Build.0 = Debug|Any CPU
		{32800395-37F7-4874-9282-CB77634A0DEB}.Release|Any CPU.ActiveCfg = Release|Any CPU
		{32800395-37F7-4874-9282-CB77634A0DEB}.Release|Any CPU.Build.0 = Release|Any CPU
		{81A74221-5C4A-4678-A46B-89D6EE4B6E6F}.Debug|Any CPU.ActiveCfg = Debug|Any CPU
		{81A74221-5C4A-4678-A46B-89D6EE4B6E6F}.Debug|Any CPU.Build.0 = Debug|Any CPU
		{81A74221-5C4A-4678-A46B-89D6EE4B6E6F}.Release|Any CPU.ActiveCfg = Release|Any CPU
		{81A74221-5C4A-4678-A46B-89D6EE4B6E6F}.Release|Any CPU.Build.0 = Release|Any CPU
		{F929279F-A5B8-47BC-8576-362E10DFBA8A}.Debug|Any CPU.ActiveCfg = Debug|Any CPU
		{F929279F-A5B8-47BC-8576-362E10DFBA8A}.Debug|Any CPU.Build.0 = Debug|Any CPU
		{F929279F-A5B8-47BC-8576-362E10DFBA8A}.Release|Any CPU.ActiveCfg = Release|Any CPU
		{F929279F-A5B8-47BC-8576-362E10DFBA8A}.Release|Any CPU.Build.0 = Release|Any CPU
		{F900EC94-B1FE-4A84-A3CB-FDD38FD2FFF0}.Debug|Any CPU.ActiveCfg = Debug|Any CPU
		{F900EC94-B1FE-4A84-A3CB-FDD38FD2FFF0}.Debug|Any CPU.Build.0 = Debug|Any CPU
		{F900EC94-B1FE-4A84-A3CB-FDD38FD2FFF0}.Release|Any CPU.ActiveCfg = Release|Any CPU
		{F900EC94-B1FE-4A84-A3CB-FDD38FD2FFF0}.Release|Any CPU.Build.0 = Release|Any CPU
		{9E7CD9C7-7970-4CCF-867A-C6B9420EB146}.Debug|Any CPU.ActiveCfg = Debug|Any CPU
		{9E7CD9C7-7970-4CCF-867A-C6B9420EB146}.Debug|Any CPU.Build.0 = Debug|Any CPU
		{9E7CD9C7-7970-4CCF-867A-C6B9420EB146}.Release|Any CPU.ActiveCfg = Release|Any CPU
		{9E7CD9C7-7970-4CCF-867A-C6B9420EB146}.Release|Any CPU.Build.0 = Release|Any CPU
		{12729C2F-06CD-4F69-8A87-23B228817A25}.Debug|Any CPU.ActiveCfg = Debug|Any CPU
		{12729C2F-06CD-4F69-8A87-23B228817A25}.Debug|Any CPU.Build.0 = Debug|Any CPU
		{12729C2F-06CD-4F69-8A87-23B228817A25}.Release|Any CPU.ActiveCfg = Release|Any CPU
		{12729C2F-06CD-4F69-8A87-23B228817A25}.Release|Any CPU.Build.0 = Release|Any CPU
	EndGlobalSection
	GlobalSection(SolutionProperties) = preSolution
		HideSolutionNode = FALSE
	EndGlobalSection
	GlobalSection(ExtensibilityGlobals) = postSolution
		SolutionGuid = {B8551988-716A-4FE0-9F3E-F2D71E3BA226}
	EndGlobalSection
EndGlobal
